// !$*UTF8*$!
{
	archiveVersion = 1;
	classes = {
	};
	objectVersion = 56;
	objects = {

/* Begin PBXBuildFile section */
		510D86862A67D3C1008DCF16 /* LaunchViewController.swift in Sources */ = {isa = PBXBuildFile; fileRef = 510D86852A67D3C1008DCF16 /* LaunchViewController.swift */; };
		510D86892A67D3E6008DCF16 /* LoginViewcontroller.swift in Sources */ = {isa = PBXBuildFile; fileRef = 510D86882A67D3E6008DCF16 /* LoginViewcontroller.swift */; };
		510D868C2A67D935008DCF16 /* SnapKit in Frameworks */ = {isa = PBXBuildFile; productRef = 510D868B2A67D935008DCF16 /* SnapKit */; };
		510D868F2A67D941008DCF16 /* Alamofire in Frameworks */ = {isa = PBXBuildFile; productRef = 510D868E2A67D941008DCF16 /* Alamofire */; };
		510D86922A680A56008DCF16 /* Color+.swift in Sources */ = {isa = PBXBuildFile; fileRef = 510D86912A680A56008DCF16 /* Color+.swift */; };
		510D86952A6853AA008DCF16 /* HomeViewController.swift in Sources */ = {isa = PBXBuildFile; fileRef = 510D86942A6853AA008DCF16 /* HomeViewController.swift */; };
		510D869A2A68551B008DCF16 /* TabBarController.swift in Sources */ = {isa = PBXBuildFile; fileRef = 510D86992A68551B008DCF16 /* TabBarController.swift */; };
		510D869E2A685689008DCF16 /* MyPageViewController.swift in Sources */ = {isa = PBXBuildFile; fileRef = 510D869D2A685689008DCF16 /* MyPageViewController.swift */; };
		512845A42A69090800BD02EE /* Kingfisher in Frameworks */ = {isa = PBXBuildFile; productRef = 512845A32A69090800BD02EE /* Kingfisher */; };
		512845A62A692EDE00BD02EE /* TodayNewsCollectionViewCell.swift in Sources */ = {isa = PBXBuildFile; fileRef = 512845A52A692EDE00BD02EE /* TodayNewsCollectionViewCell.swift */; };
		512845AA2A6961D600BD02EE /* HomeCollectionHeaderView.swift in Sources */ = {isa = PBXBuildFile; fileRef = 512845A92A6961D600BD02EE /* HomeCollectionHeaderView.swift */; };
		512845AC2A6962EC00BD02EE /* Inset+.swift in Sources */ = {isa = PBXBuildFile; fileRef = 512845AB2A6962EC00BD02EE /* Inset+.swift */; };
		512845B02A69961700BD02EE /* DetailNewsViewController.swift in Sources */ = {isa = PBXBuildFile; fileRef = 512845AF2A69961700BD02EE /* DetailNewsViewController.swift */; };
		513619242A69B1FE00E5925D /* Extension+.swift in Sources */ = {isa = PBXBuildFile; fileRef = 513619232A69B1FE00E5925D /* Extension+.swift */; };
		51B535DF2A542EC500FB64BE /* AppDelegate.swift in Sources */ = {isa = PBXBuildFile; fileRef = 51B535DE2A542EC500FB64BE /* AppDelegate.swift */; };
		51B535E12A542EC500FB64BE /* SceneDelegate.swift in Sources */ = {isa = PBXBuildFile; fileRef = 51B535E02A542EC500FB64BE /* SceneDelegate.swift */; };
		51B535E82A542EC500FB64BE /* Assets.xcassets in Resources */ = {isa = PBXBuildFile; fileRef = 51B535E72A542EC500FB64BE /* Assets.xcassets */; };
		51B535EB2A542EC500FB64BE /* LaunchScreen.storyboard in Resources */ = {isa = PBXBuildFile; fileRef = 51B535E92A542EC500FB64BE /* LaunchScreen.storyboard */; };
/* End PBXBuildFile section */

/* Begin PBXFileReference section */
		510D86852A67D3C1008DCF16 /* LaunchViewController.swift */ = {isa = PBXFileReference; lastKnownFileType = sourcecode.swift; path = LaunchViewController.swift; sourceTree = "<group>"; };
		510D86882A67D3E6008DCF16 /* LoginViewcontroller.swift */ = {isa = PBXFileReference; lastKnownFileType = sourcecode.swift; path = LoginViewcontroller.swift; sourceTree = "<group>"; };
		510D86912A680A56008DCF16 /* Color+.swift */ = {isa = PBXFileReference; lastKnownFileType = sourcecode.swift; path = "Color+.swift"; sourceTree = "<group>"; };
		510D86942A6853AA008DCF16 /* HomeViewController.swift */ = {isa = PBXFileReference; lastKnownFileType = sourcecode.swift; path = HomeViewController.swift; sourceTree = "<group>"; };
		510D86992A68551B008DCF16 /* TabBarController.swift */ = {isa = PBXFileReference; lastKnownFileType = sourcecode.swift; path = TabBarController.swift; sourceTree = "<group>"; };
		510D869D2A685689008DCF16 /* MyPageViewController.swift */ = {isa = PBXFileReference; lastKnownFileType = sourcecode.swift; path = MyPageViewController.swift; sourceTree = "<group>"; };
		512845A52A692EDE00BD02EE /* TodayNewsCollectionViewCell.swift */ = {isa = PBXFileReference; lastKnownFileType = sourcecode.swift; path = TodayNewsCollectionViewCell.swift; sourceTree = "<group>"; };
		512845A92A6961D600BD02EE /* HomeCollectionHeaderView.swift */ = {isa = PBXFileReference; lastKnownFileType = sourcecode.swift; path = HomeCollectionHeaderView.swift; sourceTree = "<group>"; };
		512845AB2A6962EC00BD02EE /* Inset+.swift */ = {isa = PBXFileReference; lastKnownFileType = sourcecode.swift; path = "Inset+.swift"; sourceTree = "<group>"; };
		512845AF2A69961700BD02EE /* DetailNewsViewController.swift */ = {isa = PBXFileReference; lastKnownFileType = sourcecode.swift; path = DetailNewsViewController.swift; sourceTree = "<group>"; };
		513619232A69B1FE00E5925D /* Extension+.swift */ = {isa = PBXFileReference; lastKnownFileType = sourcecode.swift; path = "Extension+.swift"; sourceTree = "<group>"; };
		51B535DB2A542EC500FB64BE /* EchoChamber.app */ = {isa = PBXFileReference; explicitFileType = wrapper.application; includeInIndex = 0; path = EchoChamber.app; sourceTree = BUILT_PRODUCTS_DIR; };
		51B535DE2A542EC500FB64BE /* AppDelegate.swift */ = {isa = PBXFileReference; lastKnownFileType = sourcecode.swift; path = AppDelegate.swift; sourceTree = "<group>"; };
		51B535E02A542EC500FB64BE /* SceneDelegate.swift */ = {isa = PBXFileReference; lastKnownFileType = sourcecode.swift; path = SceneDelegate.swift; sourceTree = "<group>"; };
		51B535E72A542EC500FB64BE /* Assets.xcassets */ = {isa = PBXFileReference; lastKnownFileType = folder.assetcatalog; path = Assets.xcassets; sourceTree = "<group>"; };
		51B535EA2A542EC500FB64BE /* Base */ = {isa = PBXFileReference; lastKnownFileType = file.storyboard; name = Base; path = Base.lproj/LaunchScreen.storyboard; sourceTree = "<group>"; };
		51B535EC2A542EC500FB64BE /* Info.plist */ = {isa = PBXFileReference; lastKnownFileType = text.plist.xml; path = Info.plist; sourceTree = "<group>"; };
/* End PBXFileReference section */

/* Begin PBXFrameworksBuildPhase section */
		51B535D82A542EC500FB64BE /* Frameworks */ = {
			isa = PBXFrameworksBuildPhase;
			buildActionMask = 2147483647;
			files = (
				512845A42A69090800BD02EE /* Kingfisher in Frameworks */,
				510D868C2A67D935008DCF16 /* SnapKit in Frameworks */,
				510D868F2A67D941008DCF16 /* Alamofire in Frameworks */,
			);
			runOnlyForDeploymentPostprocessing = 0;
		};
/* End PBXFrameworksBuildPhase section */

/* Begin PBXGroup section */
		510D86842A67D3B4008DCF16 /* Scene */ = {
			isa = PBXGroup;
			children = (
				510D869C2A68567B008DCF16 /* MyPage */,
				510D86872A67D3DC008DCF16 /* Login */,
				510D86962A6853AD008DCF16 /* Home */,
				510D869B2A68551E008DCF16 /* Navigation */,
			);
			path = Scene;
			sourceTree = "<group>";
		};
		510D86872A67D3DC008DCF16 /* Login */ = {
			isa = PBXGroup;
			children = (
				510D86852A67D3C1008DCF16 /* LaunchViewController.swift */,
				510D86882A67D3E6008DCF16 /* LoginViewcontroller.swift */,
			);
			path = Login;
			sourceTree = "<group>";
		};
		510D86902A680A50008DCF16 /* Extension */ = {
			isa = PBXGroup;
			children = (
				510D86912A680A56008DCF16 /* Color+.swift */,
				512845AB2A6962EC00BD02EE /* Inset+.swift */,
				513619232A69B1FE00E5925D /* Extension+.swift */,
			);
			path = Extension;
			sourceTree = "<group>";
		};
		510D86932A681017008DCF16 /* Network */ = {
			isa = PBXGroup;
			children = (
			);
			path = Network;
			sourceTree = "<group>";
		};
		510D86962A6853AD008DCF16 /* Home */ = {
			isa = PBXGroup;
			children = (
				510D86982A685440008DCF16 /* Model */,
				510D86972A68542F008DCF16 /* View */,
			);
			path = Home;
			sourceTree = "<group>";
		};
		510D86972A68542F008DCF16 /* View */ = {
			isa = PBXGroup;
			children = (
				510D86942A6853AA008DCF16 /* HomeViewController.swift */,
				512845A92A6961D600BD02EE /* HomeCollectionHeaderView.swift */,
				512845AF2A69961700BD02EE /* DetailNewsViewController.swift */,
			);
			path = View;
			sourceTree = "<group>";
		};
		510D86982A685440008DCF16 /* Model */ = {
			isa = PBXGroup;
			children = (
				512845A52A692EDE00BD02EE /* TodayNewsCollectionViewCell.swift */,
			);
			path = Model;
			sourceTree = "<group>";
		};
		510D869B2A68551E008DCF16 /* Navigation */ = {
			isa = PBXGroup;
			children = (
				510D86992A68551B008DCF16 /* TabBarController.swift */,
			);
			path = Navigation;
			sourceTree = "<group>";
		};
		510D869C2A68567B008DCF16 /* MyPage */ = {
			isa = PBXGroup;
			children = (
				510D869D2A685689008DCF16 /* MyPageViewController.swift */,
			);
			path = MyPage;
			sourceTree = "<group>";
		};
		51B535D22A542EC500FB64BE = {
			isa = PBXGroup;
			children = (
				51B535DD2A542EC500FB64BE /* EchoChamber */,
				51B535DC2A542EC500FB64BE /* Products */,
			);
			sourceTree = "<group>";
		};
		51B535DC2A542EC500FB64BE /* Products */ = {
			isa = PBXGroup;
			children = (
				51B535DB2A542EC500FB64BE /* EchoChamber.app */,
			);
			name = Products;
			sourceTree = "<group>";
		};
		51B535DD2A542EC500FB64BE /* EchoChamber */ = {
			isa = PBXGroup;
			children = (
				510D86932A681017008DCF16 /* Network */,
				510D86902A680A50008DCF16 /* Extension */,
				510D86842A67D3B4008DCF16 /* Scene */,
				51B535DE2A542EC500FB64BE /* AppDelegate.swift */,
				51B535E02A542EC500FB64BE /* SceneDelegate.swift */,
				51B535E72A542EC500FB64BE /* Assets.xcassets */,
				51B535E92A542EC500FB64BE /* LaunchScreen.storyboard */,
				51B535EC2A542EC500FB64BE /* Info.plist */,
			);
			path = EchoChamber;
			sourceTree = "<group>";
		};
/* End PBXGroup section */

/* Begin PBXNativeTarget section */
		51B535DA2A542EC500FB64BE /* EchoChamber */ = {
			isa = PBXNativeTarget;
			buildConfigurationList = 51B535EF2A542EC500FB64BE /* Build configuration list for PBXNativeTarget "EchoChamber" */;
			buildPhases = (
				51B535D72A542EC500FB64BE /* Sources */,
				51B535D82A542EC500FB64BE /* Frameworks */,
				51B535D92A542EC500FB64BE /* Resources */,
			);
			buildRules = (
			);
			dependencies = (
			);
			name = EchoChamber;
			packageProductDependencies = (
				510D868B2A67D935008DCF16 /* SnapKit */,
				510D868E2A67D941008DCF16 /* Alamofire */,
				512845A32A69090800BD02EE /* Kingfisher */,
			);
			productName = EchoChamber;
			productReference = 51B535DB2A542EC500FB64BE /* EchoChamber.app */;
			productType = "com.apple.product-type.application";
		};
/* End PBXNativeTarget section */

/* Begin PBXProject section */
		51B535D32A542EC500FB64BE /* Project object */ = {
			isa = PBXProject;
			attributes = {
				BuildIndependentTargetsInParallel = 1;
				LastSwiftUpdateCheck = 1420;
				LastUpgradeCheck = 1420;
				TargetAttributes = {
					51B535DA2A542EC500FB64BE = {
						CreatedOnToolsVersion = 14.2;
					};
				};
			};
			buildConfigurationList = 51B535D62A542EC500FB64BE /* Build configuration list for PBXProject "EchoChamber" */;
			compatibilityVersion = "Xcode 14.0";
			developmentRegion = en;
			hasScannedForEncodings = 0;
			knownRegions = (
				en,
				Base,
			);
			mainGroup = 51B535D22A542EC500FB64BE;
			packageReferences = (
				510D868A2A67D935008DCF16 /* XCRemoteSwiftPackageReference "SnapKit" */,
				510D868D2A67D941008DCF16 /* XCRemoteSwiftPackageReference "Alamofire" */,
				512845A22A69090800BD02EE /* XCRemoteSwiftPackageReference "Kingfisher" */,
			);
			productRefGroup = 51B535DC2A542EC500FB64BE /* Products */;
			projectDirPath = "";
			projectRoot = "";
			targets = (
				51B535DA2A542EC500FB64BE /* EchoChamber */,
			);
		};
/* End PBXProject section */

/* Begin PBXResourcesBuildPhase section */
		51B535D92A542EC500FB64BE /* Resources */ = {
			isa = PBXResourcesBuildPhase;
			buildActionMask = 2147483647;
			files = (
				51B535EB2A542EC500FB64BE /* LaunchScreen.storyboard in Resources */,
				51B535E82A542EC500FB64BE /* Assets.xcassets in Resources */,
			);
			runOnlyForDeploymentPostprocessing = 0;
		};
/* End PBXResourcesBuildPhase section */

/* Begin PBXSourcesBuildPhase section */
		51B535D72A542EC500FB64BE /* Sources */ = {
			isa = PBXSourcesBuildPhase;
			buildActionMask = 2147483647;
			files = (
				510D86892A67D3E6008DCF16 /* LoginViewcontroller.swift in Sources */,
				510D86922A680A56008DCF16 /* Color+.swift in Sources */,
				513619242A69B1FE00E5925D /* Extension+.swift in Sources */,
				510D869A2A68551B008DCF16 /* TabBarController.swift in Sources */,
				512845AA2A6961D600BD02EE /* HomeCollectionHeaderView.swift in Sources */,
				512845B02A69961700BD02EE /* DetailNewsViewController.swift in Sources */,
				51B535DF2A542EC500FB64BE /* AppDelegate.swift in Sources */,
				51B535E12A542EC500FB64BE /* SceneDelegate.swift in Sources */,
				512845A62A692EDE00BD02EE /* TodayNewsCollectionViewCell.swift in Sources */,
				510D86862A67D3C1008DCF16 /* LaunchViewController.swift in Sources */,
				510D86952A6853AA008DCF16 /* HomeViewController.swift in Sources */,
				512845AC2A6962EC00BD02EE /* Inset+.swift in Sources */,
				510D869E2A685689008DCF16 /* MyPageViewController.swift in Sources */,
			);
			runOnlyForDeploymentPostprocessing = 0;
		};
/* End PBXSourcesBuildPhase section */

/* Begin PBXVariantGroup section */
		51B535E92A542EC500FB64BE /* LaunchScreen.storyboard */ = {
			isa = PBXVariantGroup;
			children = (
				51B535EA2A542EC500FB64BE /* Base */,
			);
			name = LaunchScreen.storyboard;
			sourceTree = "<group>";
		};
/* End PBXVariantGroup section */

/* Begin XCBuildConfiguration section */
		51B535ED2A542EC500FB64BE /* Debug */ = {
			isa = XCBuildConfiguration;
			buildSettings = {
				ALWAYS_SEARCH_USER_PATHS = NO;
				CLANG_ANALYZER_NONNULL = YES;
				CLANG_ANALYZER_NUMBER_OBJECT_CONVERSION = YES_AGGRESSIVE;
				CLANG_CXX_LANGUAGE_STANDARD = "gnu++20";
				CLANG_ENABLE_MODULES = YES;
				CLANG_ENABLE_OBJC_ARC = YES;
				CLANG_ENABLE_OBJC_WEAK = YES;
				CLANG_WARN_BLOCK_CAPTURE_AUTORELEASING = YES;
				CLANG_WARN_BOOL_CONVERSION = YES;
				CLANG_WARN_COMMA = YES;
				CLANG_WARN_CONSTANT_CONVERSION = YES;
				CLANG_WARN_DEPRECATED_OBJC_IMPLEMENTATIONS = YES;
				CLANG_WARN_DIRECT_OBJC_ISA_USAGE = YES_ERROR;
				CLANG_WARN_DOCUMENTATION_COMMENTS = YES;
				CLANG_WARN_EMPTY_BODY = YES;
				CLANG_WARN_ENUM_CONVERSION = YES;
				CLANG_WARN_INFINITE_RECURSION = YES;
				CLANG_WARN_INT_CONVERSION = YES;
				CLANG_WARN_NON_LITERAL_NULL_CONVERSION = YES;
				CLANG_WARN_OBJC_IMPLICIT_RETAIN_SELF = YES;
				CLANG_WARN_OBJC_LITERAL_CONVERSION = YES;
				CLANG_WARN_OBJC_ROOT_CLASS = YES_ERROR;
				CLANG_WARN_QUOTED_INCLUDE_IN_FRAMEWORK_HEADER = YES;
				CLANG_WARN_RANGE_LOOP_ANALYSIS = YES;
				CLANG_WARN_STRICT_PROTOTYPES = YES;
				CLANG_WARN_SUSPICIOUS_MOVE = YES;
				CLANG_WARN_UNGUARDED_AVAILABILITY = YES_AGGRESSIVE;
				CLANG_WARN_UNREACHABLE_CODE = YES;
				CLANG_WARN__DUPLICATE_METHOD_MATCH = YES;
				COPY_PHASE_STRIP = NO;
				DEBUG_INFORMATION_FORMAT = dwarf;
				ENABLE_STRICT_OBJC_MSGSEND = YES;
				ENABLE_TESTABILITY = YES;
				GCC_C_LANGUAGE_STANDARD = gnu11;
				GCC_DYNAMIC_NO_PIC = NO;
				GCC_NO_COMMON_BLOCKS = YES;
				GCC_OPTIMIZATION_LEVEL = 0;
				GCC_PREPROCESSOR_DEFINITIONS = (
					"DEBUG=1",
					"$(inherited)",
				);
				GCC_WARN_64_TO_32_BIT_CONVERSION = YES;
				GCC_WARN_ABOUT_RETURN_TYPE = YES_ERROR;
				GCC_WARN_UNDECLARED_SELECTOR = YES;
				GCC_WARN_UNINITIALIZED_AUTOS = YES_AGGRESSIVE;
				GCC_WARN_UNUSED_FUNCTION = YES;
				GCC_WARN_UNUSED_VARIABLE = YES;
				IPHONEOS_DEPLOYMENT_TARGET = 16.2;
				MTL_ENABLE_DEBUG_INFO = INCLUDE_SOURCE;
				MTL_FAST_MATH = YES;
				ONLY_ACTIVE_ARCH = YES;
				SDKROOT = iphoneos;
				SWIFT_ACTIVE_COMPILATION_CONDITIONS = DEBUG;
				SWIFT_OPTIMIZATION_LEVEL = "-Onone";
			};
			name = Debug;
		};
		51B535EE2A542EC500FB64BE /* Release */ = {
			isa = XCBuildConfiguration;
			buildSettings = {
				ALWAYS_SEARCH_USER_PATHS = NO;
				CLANG_ANALYZER_NONNULL = YES;
				CLANG_ANALYZER_NUMBER_OBJECT_CONVERSION = YES_AGGRESSIVE;
				CLANG_CXX_LANGUAGE_STANDARD = "gnu++20";
				CLANG_ENABLE_MODULES = YES;
				CLANG_ENABLE_OBJC_ARC = YES;
				CLANG_ENABLE_OBJC_WEAK = YES;
				CLANG_WARN_BLOCK_CAPTURE_AUTORELEASING = YES;
				CLANG_WARN_BOOL_CONVERSION = YES;
				CLANG_WARN_COMMA = YES;
				CLANG_WARN_CONSTANT_CONVERSION = YES;
				CLANG_WARN_DEPRECATED_OBJC_IMPLEMENTATIONS = YES;
				CLANG_WARN_DIRECT_OBJC_ISA_USAGE = YES_ERROR;
				CLANG_WARN_DOCUMENTATION_COMMENTS = YES;
				CLANG_WARN_EMPTY_BODY = YES;
				CLANG_WARN_ENUM_CONVERSION = YES;
				CLANG_WARN_INFINITE_RECURSION = YES;
				CLANG_WARN_INT_CONVERSION = YES;
				CLANG_WARN_NON_LITERAL_NULL_CONVERSION = YES;
				CLANG_WARN_OBJC_IMPLICIT_RETAIN_SELF = YES;
				CLANG_WARN_OBJC_LITERAL_CONVERSION = YES;
				CLANG_WARN_OBJC_ROOT_CLASS = YES_ERROR;
				CLANG_WARN_QUOTED_INCLUDE_IN_FRAMEWORK_HEADER = YES;
				CLANG_WARN_RANGE_LOOP_ANALYSIS = YES;
				CLANG_WARN_STRICT_PROTOTYPES = YES;
				CLANG_WARN_SUSPICIOUS_MOVE = YES;
				CLANG_WARN_UNGUARDED_AVAILABILITY = YES_AGGRESSIVE;
				CLANG_WARN_UNREACHABLE_CODE = YES;
				CLANG_WARN__DUPLICATE_METHOD_MATCH = YES;
				COPY_PHASE_STRIP = NO;
				DEBUG_INFORMATION_FORMAT = "dwarf-with-dsym";
				ENABLE_NS_ASSERTIONS = NO;
				ENABLE_STRICT_OBJC_MSGSEND = YES;
				GCC_C_LANGUAGE_STANDARD = gnu11;
				GCC_NO_COMMON_BLOCKS = YES;
				GCC_WARN_64_TO_32_BIT_CONVERSION = YES;
				GCC_WARN_ABOUT_RETURN_TYPE = YES_ERROR;
				GCC_WARN_UNDECLARED_SELECTOR = YES;
				GCC_WARN_UNINITIALIZED_AUTOS = YES_AGGRESSIVE;
				GCC_WARN_UNUSED_FUNCTION = YES;
				GCC_WARN_UNUSED_VARIABLE = YES;
				IPHONEOS_DEPLOYMENT_TARGET = 16.2;
				MTL_ENABLE_DEBUG_INFO = NO;
				MTL_FAST_MATH = YES;
				SDKROOT = iphoneos;
				SWIFT_COMPILATION_MODE = wholemodule;
				SWIFT_OPTIMIZATION_LEVEL = "-O";
				VALIDATE_PRODUCT = YES;
			};
			name = Release;
		};
		51B535F02A542EC500FB64BE /* Debug */ = {
			isa = XCBuildConfiguration;
			buildSettings = {
				ASSETCATALOG_COMPILER_APPICON_NAME = AppIcon;
				ASSETCATALOG_COMPILER_GLOBAL_ACCENT_COLOR_NAME = AccentColor;
				CODE_SIGN_STYLE = Automatic;
				CURRENT_PROJECT_VERSION = 1;
				DEVELOPMENT_TEAM = 4Q9XG9F7CU;
				GENERATE_INFOPLIST_FILE = YES;
				INFOPLIST_FILE = EchoChamber/Info.plist;
				INFOPLIST_KEY_UIApplicationSupportsIndirectInputEvents = YES;
				INFOPLIST_KEY_UILaunchStoryboardName = LaunchScreen;
				INFOPLIST_KEY_UISupportedInterfaceOrientations_iPad = "UIInterfaceOrientationPortrait UIInterfaceOrientationPortraitUpsideDown UIInterfaceOrientationLandscapeLeft UIInterfaceOrientationLandscapeRight";
				INFOPLIST_KEY_UISupportedInterfaceOrientations_iPhone = "UIInterfaceOrientationPortrait UIInterfaceOrientationLandscapeLeft UIInterfaceOrientationLandscapeRight";
				LD_RUNPATH_SEARCH_PATHS = (
					"$(inherited)",
					"@executable_path/Frameworks",
				);
				MARKETING_VERSION = 1.0;
				PRODUCT_BUNDLE_IDENTIFIER = com.MJA.EchoChamber;
				PRODUCT_NAME = "$(TARGET_NAME)";
				SWIFT_EMIT_LOC_STRINGS = YES;
				SWIFT_VERSION = 5.0;
				TARGETED_DEVICE_FAMILY = "1,2";
			};
			name = Debug;
		};
		51B535F12A542EC500FB64BE /* Release */ = {
			isa = XCBuildConfiguration;
			buildSettings = {
				ASSETCATALOG_COMPILER_APPICON_NAME = AppIcon;
				ASSETCATALOG_COMPILER_GLOBAL_ACCENT_COLOR_NAME = AccentColor;
				CODE_SIGN_STYLE = Automatic;
				CURRENT_PROJECT_VERSION = 1;
				DEVELOPMENT_TEAM = 4Q9XG9F7CU;
				GENERATE_INFOPLIST_FILE = YES;
				INFOPLIST_FILE = EchoChamber/Info.plist;
				INFOPLIST_KEY_UIApplicationSupportsIndirectInputEvents = YES;
				INFOPLIST_KEY_UILaunchStoryboardName = LaunchScreen;
				INFOPLIST_KEY_UISupportedInterfaceOrientations_iPad = "UIInterfaceOrientationPortrait UIInterfaceOrientationPortraitUpsideDown UIInterfaceOrientationLandscapeLeft UIInterfaceOrientationLandscapeRight";
				INFOPLIST_KEY_UISupportedInterfaceOrientations_iPhone = "UIInterfaceOrientationPortrait UIInterfaceOrientationLandscapeLeft UIInterfaceOrientationLandscapeRight";
				LD_RUNPATH_SEARCH_PATHS = (
					"$(inherited)",
					"@executable_path/Frameworks",
				);
				MARKETING_VERSION = 1.0;
				PRODUCT_BUNDLE_IDENTIFIER = com.MJA.EchoChamber;
				PRODUCT_NAME = "$(TARGET_NAME)";
				SWIFT_EMIT_LOC_STRINGS = YES;
				SWIFT_VERSION = 5.0;
				TARGETED_DEVICE_FAMILY = "1,2";
			};
			name = Release;
		};
/* End XCBuildConfiguration section */

/* Begin XCConfigurationList section */
		51B535D62A542EC500FB64BE /* Build configuration list for PBXProject "EchoChamber" */ = {
			isa = XCConfigurationList;
			buildConfigurations = (
				51B535ED2A542EC500FB64BE /* Debug */,
				51B535EE2A542EC500FB64BE /* Release */,
			);
			defaultConfigurationIsVisible = 0;
			defaultConfigurationName = Release;
		};
		51B535EF2A542EC500FB64BE /* Build configuration list for PBXNativeTarget "EchoChamber" */ = {
			isa = XCConfigurationList;
			buildConfigurations = (
				51B535F02A542EC500FB64BE /* Debug */,
				51B535F12A542EC500FB64BE /* Release */,
			);
			defaultConfigurationIsVisible = 0;
			defaultConfigurationName = Release;
		};
/* End XCConfigurationList section */

/* Begin XCRemoteSwiftPackageReference section */
		510D868A2A67D935008DCF16 /* XCRemoteSwiftPackageReference "SnapKit" */ = {
			isa = XCRemoteSwiftPackageReference;
			repositoryURL = "https://github.com/SnapKit/SnapKit";
			requirement = {
				kind = upToNextMajorVersion;
				minimumVersion = 5.0.0;
			};
		};
		510D868D2A67D941008DCF16 /* XCRemoteSwiftPackageReference "Alamofire" */ = {
			isa = XCRemoteSwiftPackageReference;
			repositoryURL = "https://github.com/Alamofire/Alamofire";
			requirement = {
				kind = upToNextMajorVersion;
				minimumVersion = 5.0.0;
			};
		};
		512845A22A69090800BD02EE /* XCRemoteSwiftPackageReference "Kingfisher" */ = {
			isa = XCRemoteSwiftPackageReference;
			repositoryURL = "https://github.com/onevcat/Kingfisher";
			requirement = {
				branch = master;
				kind = branch;
			};
		};
/* End XCRemoteSwiftPackageReference section */

/* Begin XCSwiftPackageProductDependency section */
		510D868B2A67D935008DCF16 /* SnapKit */ = {
			isa = XCSwiftPackageProductDependency;
			package = 510D868A2A67D935008DCF16 /* XCRemoteSwiftPackageReference "SnapKit" */;
			productName = SnapKit;
		};
		510D868E2A67D941008DCF16 /* Alamofire */ = {
			isa = XCSwiftPackageProductDependency;
			package = 510D868D2A67D941008DCF16 /* XCRemoteSwiftPackageReference "Alamofire" */;
			productName = Alamofire;
		};
		512845A32A69090800BD02EE /* Kingfisher */ = {
			isa = XCSwiftPackageProductDependency;
			package = 512845A22A69090800BD02EE /* XCRemoteSwiftPackageReference "Kingfisher" */;
			productName = Kingfisher;
		};
/* End XCSwiftPackageProductDependency section */
	};
	rootObject = 51B535D32A542EC500FB64BE /* Project object */;
}
